<?xml version="1.0" encoding="utf-8"?>
<Project ToolsVersion="4.0" xmlns="http://schemas.microsoft.com/developer/msbuild/2003">
  <ItemGroup>
    <FxCompile Include="BasicPS.hlsl" />
    <FxCompile Include="BasicVS.hlsl" />
  </ItemGroup>
  <ItemGroup>
    <ClCompile Include="FPSController.cpp" />
    <ClCompile Include="GraphicsPipeline.cpp" />
    <ClCompile Include="InitDirectX.cpp" />
    <ClCompile Include="Input.cpp" />
    <ClCompile Include="main.cpp" />
    <ClCompile Include="Sprite.cpp" />
    <ClCompile Include="TextureManager.cpp" />
    <ClCompile Include="Util.cpp" />
    <ClCompile Include="WndAPI.cpp" />
    <ClCompile Include="WorldCoordinate.cpp" />
    <ClCompile Include="Vector2.cpp">
      <Filter>Math</Filter>
    </ClCompile>
    <ClCompile Include="Vector3.cpp">
      <Filter>Math</Filter>
    </ClCompile>
    <ClCompile Include="Vector4.cpp">
      <Filter>Math</Filter>
    </ClCompile>
    <ClCompile Include="Matrix4.cpp">
      <Filter>Math</Filter>
    </ClCompile>
    <ClCompile Include="Quaternion.cpp">
      <Filter>Math</Filter>
    </ClCompile>
    <ClCompile Include="CameraManager.cpp" />
  </ItemGroup>
  <ItemGroup>
    <ClInclude Include="ConstBuffer.h" />
    <ClInclude Include="FPSController.h" />
    <ClInclude Include="GraphicsPipeline.h" />
    <ClInclude Include="InitDirectX.h" />
    <ClInclude Include="Input.h" />
    <ClInclude Include="Sprite.h" />
    <ClInclude Include="TextureManager.h" />
    <ClInclude Include="Util.h" />
    <ClInclude Include="VertexBuffer.h" />
    <ClInclude Include="WndAPI.h" />
    <ClInclude Include="WorldCoordinate.h" />
    <ClInclude Include="Vector4.h">
      <Filter>Math</Filter>
    </ClInclude>
    <ClInclude Include="Vector2.h">
      <Filter>Math</Filter>
    </ClInclude>
    <ClInclude Include="Vector3.h">
      <Filter>Math</Filter>
    </ClInclude>
    <ClInclude Include="Matrix4.h">
      <Filter>Math</Filter>
    </ClInclude>
    <ClInclude Include="MathUtil.h">
      <Filter>Math</Filter>
    </ClInclude>
    <ClInclude Include="Quaternion.h">
      <Filter>Math</Filter>
    </ClInclude>
    <ClInclude Include="CameraManager.h" />
  </ItemGroup>
  <ItemGroup>
    <None Include="Basic.hlsli" />
  </ItemGroup>
  <ItemGroup>
    <Filter Include="Math">
      <UniqueIdentifier>{774484b5-dca8-4b05-81ca-d5be47f0e677}</UniqueIdentifier>
    </Filter>
  </ItemGroup>
</Project>